// !$*UTF8*$!
{
	archiveVersion = 1;
	classes = {
	};
	objectVersion = 46;
	objects = {

/* Begin PBXBuildFile section */
		C5A100B71E8A9E8000BE5EC6 /* main.m in Sources */ = {isa = PBXBuildFile; fileRef = C5A100B61E8A9E8000BE5EC6 /* main.m */; };
		C5A100BA1E8A9E8000BE5EC6 /* AppDelegate.m in Sources */ = {isa = PBXBuildFile; fileRef = C5A100B91E8A9E8000BE5EC6 /* AppDelegate.m */; };
		C5A100BD1E8A9E8000BE5EC6 /* ViewController.m in Sources */ = {isa = PBXBuildFile; fileRef = C5A100BC1E8A9E8000BE5EC6 /* ViewController.m */; };
		C5A100C01E8A9E8000BE5EC6 /* Main.storyboard in Resources */ = {isa = PBXBuildFile; fileRef = C5A100BE1E8A9E8000BE5EC6 /* Main.storyboard */; };
		C5A100C21E8A9E8000BE5EC6 /* Assets.xcassets in Resources */ = {isa = PBXBuildFile; fileRef = C5A100C11E8A9E8000BE5EC6 /* Assets.xcassets */; };
		C5A100C51E8A9E8000BE5EC6 /* LaunchScreen.storyboard in Resources */ = {isa = PBXBuildFile; fileRef = C5A100C31E8A9E8000BE5EC6 /* LaunchScreen.storyboard */; };
		C5A100D01E8A9E8000BE5EC6 /* tableViewDemoTests.m in Sources */ = {isa = PBXBuildFile; fileRef = C5A100CF1E8A9E8000BE5EC6 /* tableViewDemoTests.m */; };
		C5A100DB1E8A9E8000BE5EC6 /* tableViewDemoUITests.m in Sources */ = {isa = PBXBuildFile; fileRef = C5A100DA1E8A9E8000BE5EC6 /* tableViewDemoUITests.m */; };
		C5A100EB1E8A9F8400BE5EC6 /* LHTitlesView.m in Sources */ = {isa = PBXBuildFile; fileRef = C5A100EA1E8A9F8400BE5EC6 /* LHTitlesView.m */; };
		C5A100EE1E8AA46300BE5EC6 /* LHPageView.m in Sources */ = {isa = PBXBuildFile; fileRef = C5A100ED1E8AA46300BE5EC6 /* LHPageView.m */; };
		C5A100F11E8AA6C200BE5EC6 /* LHHEHEController.m in Sources */ = {isa = PBXBuildFile; fileRef = C5A100F01E8AA6C200BE5EC6 /* LHHEHEController.m */; };
		C5A100F41E8AA6D400BE5EC6 /* LHHAHAController.m in Sources */ = {isa = PBXBuildFile; fileRef = C5A100F31E8AA6D400BE5EC6 /* LHHAHAController.m */; };
		C5A100F71E8AA6E200BE5EC6 /* LHHEIHEIController.m in Sources */ = {isa = PBXBuildFile; fileRef = C5A100F61E8AA6E200BE5EC6 /* LHHEIHEIController.m */; };
		C5A100FA1E8AAED900BE5EC6 /* LHBaseController.m in Sources */ = {isa = PBXBuildFile; fileRef = C5A100F91E8AAED900BE5EC6 /* LHBaseController.m */; };
/* End PBXBuildFile section */

/* Begin PBXContainerItemProxy section */
		C5A100CC1E8A9E8000BE5EC6 /* PBXContainerItemProxy */ = {
			isa = PBXContainerItemProxy;
			containerPortal = C5A100AA1E8A9E8000BE5EC6 /* Project object */;
			proxyType = 1;
			remoteGlobalIDString = C5A100B11E8A9E8000BE5EC6;
			remoteInfo = tableViewDemo;
		};
		C5A100D71E8A9E8000BE5EC6 /* PBXContainerItemProxy */ = {
			isa = PBXContainerItemProxy;
			containerPortal = C5A100AA1E8A9E8000BE5EC6 /* Project object */;
			proxyType = 1;
			remoteGlobalIDString = C5A100B11E8A9E8000BE5EC6;
			remoteInfo = tableViewDemo;
		};
/* End PBXContainerItemProxy section */

/* Begin PBXFileReference section */
		C5A100B21E8A9E8000BE5EC6 /* tableViewDemo.app */ = {isa = PBXFileReference; explicitFileType = wrapper.application; includeInIndex = 0; path = tableViewDemo.app; sourceTree = BUILT_PRODUCTS_DIR; };
		C5A100B61E8A9E8000BE5EC6 /* main.m */ = {isa = PBXFileReference; lastKnownFileType = sourcecode.c.objc; path = main.m; sourceTree = "<group>"; };
		C5A100B81E8A9E8000BE5EC6 /* AppDelegate.h */ = {isa = PBXFileReference; lastKnownFileType = sourcecode.c.h; path = AppDelegate.h; sourceTree = "<group>"; };
		C5A100B91E8A9E8000BE5EC6 /* AppDelegate.m */ = {isa = PBXFileReference; lastKnownFileType = sourcecode.c.objc; path = AppDelegate.m; sourceTree = "<group>"; };
		C5A100BB1E8A9E8000BE5EC6 /* ViewController.h */ = {isa = PBXFileReference; lastKnownFileType = sourcecode.c.h; path = ViewController.h; sourceTree = "<group>"; };
		C5A100BC1E8A9E8000BE5EC6 /* ViewController.m */ = {isa = PBXFileReference; lastKnownFileType = sourcecode.c.objc; path = ViewController.m; sourceTree = "<group>"; };
		C5A100BF1E8A9E8000BE5EC6 /* Base */ = {isa = PBXFileReference; lastKnownFileType = file.storyboard; name = Base; path = Base.lproj/Main.storyboard; sourceTree = "<group>"; };
		C5A100C11E8A9E8000BE5EC6 /* Assets.xcassets */ = {isa = PBXFileReference; lastKnownFileType = folder.assetcatalog; path = Assets.xcassets; sourceTree = "<group>"; };
		C5A100C41E8A9E8000BE5EC6 /* Base */ = {isa = PBXFileReference; lastKnownFileType = file.storyboard; name = Base; path = Base.lproj/LaunchScreen.storyboard; sourceTree = "<group>"; };
		C5A100C61E8A9E8000BE5EC6 /* Info.plist */ = {isa = PBXFileReference; lastKnownFileType = text.plist.xml; path = Info.plist; sourceTree = "<group>"; };
		C5A100CB1E8A9E8000BE5EC6 /* tableViewDemoTests.xctest */ = {isa = PBXFileReference; explicitFileType = wrapper.cfbundle; includeInIndex = 0; path = tableViewDemoTests.xctest; sourceTree = BUILT_PRODUCTS_DIR; };
		C5A100CF1E8A9E8000BE5EC6 /* tableViewDemoTests.m */ = {isa = PBXFileReference; lastKnownFileType = sourcecode.c.objc; path = tableViewDemoTests.m; sourceTree = "<group>"; };
		C5A100D11E8A9E8000BE5EC6 /* Info.plist */ = {isa = PBXFileReference; lastKnownFileType = text.plist.xml; path = Info.plist; sourceTree = "<group>"; };
		C5A100D61E8A9E8000BE5EC6 /* tableViewDemoUITests.xctest */ = {isa = PBXFileReference; explicitFileType = wrapper.cfbundle; includeInIndex = 0; path = tableViewDemoUITests.xctest; sourceTree = BUILT_PRODUCTS_DIR; };
		C5A100DA1E8A9E8000BE5EC6 /* tableViewDemoUITests.m */ = {isa = PBXFileReference; lastKnownFileType = sourcecode.c.objc; path = tableViewDemoUITests.m; sourceTree = "<group>"; };
		C5A100DC1E8A9E8000BE5EC6 /* Info.plist */ = {isa = PBXFileReference; lastKnownFileType = text.plist.xml; path = Info.plist; sourceTree = "<group>"; };
		C5A100E91E8A9F8400BE5EC6 /* LHTitlesView.h */ = {isa = PBXFileReference; fileEncoding = 4; lastKnownFileType = sourcecode.c.h; path = LHTitlesView.h; sourceTree = "<group>"; };
		C5A100EA1E8A9F8400BE5EC6 /* LHTitlesView.m */ = {isa = PBXFileReference; fileEncoding = 4; lastKnownFileType = sourcecode.c.objc; path = LHTitlesView.m; sourceTree = "<group>"; };
		C5A100EC1E8AA46300BE5EC6 /* LHPageView.h */ = {isa = PBXFileReference; fileEncoding = 4; lastKnownFileType = sourcecode.c.h; path = LHPageView.h; sourceTree = "<group>"; };
		C5A100ED1E8AA46300BE5EC6 /* LHPageView.m */ = {isa = PBXFileReference; fileEncoding = 4; lastKnownFileType = sourcecode.c.objc; path = LHPageView.m; sourceTree = "<group>"; };
		C5A100EF1E8AA6C200BE5EC6 /* LHHEHEController.h */ = {isa = PBXFileReference; fileEncoding = 4; lastKnownFileType = sourcecode.c.h; path = LHHEHEController.h; sourceTree = "<group>"; };
		C5A100F01E8AA6C200BE5EC6 /* LHHEHEController.m */ = {isa = PBXFileReference; fileEncoding = 4; lastKnownFileType = sourcecode.c.objc; path = LHHEHEController.m; sourceTree = "<group>"; };
		C5A100F21E8AA6D400BE5EC6 /* LHHAHAController.h */ = {isa = PBXFileReference; fileEncoding = 4; lastKnownFileType = sourcecode.c.h; path = LHHAHAController.h; sourceTree = "<group>"; };
		C5A100F31E8AA6D400BE5EC6 /* LHHAHAController.m */ = {isa = PBXFileReference; fileEncoding = 4; lastKnownFileType = sourcecode.c.objc; path = LHHAHAController.m; sourceTree = "<group>"; };
		C5A100F51E8AA6E200BE5EC6 /* LHHEIHEIController.h */ = {isa = PBXFileReference; fileEncoding = 4; lastKnownFileType = sourcecode.c.h; path = LHHEIHEIController.h; sourceTree = "<group>"; };
		C5A100F61E8AA6E200BE5EC6 /* LHHEIHEIController.m */ = {isa = PBXFileReference; fileEncoding = 4; lastKnownFileType = sourcecode.c.objc; path = LHHEIHEIController.m; sourceTree = "<group>"; };
		C5A100F81E8AAED900BE5EC6 /* LHBaseController.h */ = {isa = PBXFileReference; fileEncoding = 4; lastKnownFileType = sourcecode.c.h; path = LHBaseController.h; sourceTree = "<group>"; };
		C5A100F91E8AAED900BE5EC6 /* LHBaseController.m */ = {isa = PBXFileReference; fileEncoding = 4; lastKnownFileType = sourcecode.c.objc; path = LHBaseController.m; sourceTree = "<group>"; };
/* End PBXFileReference section */

/* Begin PBXFrameworksBuildPhase section */
		C5A100AF1E8A9E8000BE5EC6 /* Frameworks */ = {
			isa = PBXFrameworksBuildPhase;
			buildActionMask = 2147483647;
			files = (
			);
			runOnlyForDeploymentPostprocessing = 0;
		};
		C5A100C81E8A9E8000BE5EC6 /* Frameworks */ = {
			isa = PBXFrameworksBuildPhase;
			buildActionMask = 2147483647;
			files = (
			);
			runOnlyForDeploymentPostprocessing = 0;
		};
		C5A100D31E8A9E8000BE5EC6 /* Frameworks */ = {
			isa = PBXFrameworksBuildPhase;
			buildActionMask = 2147483647;
			files = (
			);
			runOnlyForDeploymentPostprocessing = 0;
		};
/* End PBXFrameworksBuildPhase section */

/* Begin PBXGroup section */
		C5A100A91E8A9E8000BE5EC6 = {
			isa = PBXGroup;
			children = (
				C5A100B41E8A9E8000BE5EC6 /* tableViewDemo */,
				C5A100D91E8A9E8000BE5EC6 /* tableViewDemoUITests */,
				C5A100B31E8A9E8000BE5EC6 /* Products */,
			);
			sourceTree = "<group>";
		};
		C5A100B31E8A9E8000BE5EC6 /* Products */ = {
			isa = PBXGroup;
			children = (
				C5A100B21E8A9E8000BE5EC6 /* tableViewDemo.app */,
				C5A100CB1E8A9E8000BE5EC6 /* tableViewDemoTests.xctest */,
				C5A100D61E8A9E8000BE5EC6 /* tableViewDemoUITests.xctest */,
			);
			name = Products;
			sourceTree = "<group>";
		};
		C5A100B41E8A9E8000BE5EC6 /* tableViewDemo */ = {
			isa = PBXGroup;
			children = (
				C5A100E81E8A9F5700BE5EC6 /* CustomView */,
				C5A100B81E8A9E8000BE5EC6 /* AppDelegate.h */,
				C5A100B91E8A9E8000BE5EC6 /* AppDelegate.m */,
				C5A100BB1E8A9E8000BE5EC6 /* ViewController.h */,
				C5A100BC1E8A9E8000BE5EC6 /* ViewController.m */,
				C5A100BE1E8A9E8000BE5EC6 /* Main.storyboard */,
				C5A100C11E8A9E8000BE5EC6 /* Assets.xcassets */,
				C5A100C31E8A9E8000BE5EC6 /* LaunchScreen.storyboard */,
				C5A100C61E8A9E8000BE5EC6 /* Info.plist */,
				C5A100B51E8A9E8000BE5EC6 /* Supporting Files */,
				C5A100EF1E8AA6C200BE5EC6 /* LHHEHEController.h */,
				C5A100F01E8AA6C200BE5EC6 /* LHHEHEController.m */,
				C5A100F21E8AA6D400BE5EC6 /* LHHAHAController.h */,
				C5A100F31E8AA6D400BE5EC6 /* LHHAHAController.m */,
				C5A100F51E8AA6E200BE5EC6 /* LHHEIHEIController.h */,
				C5A100F61E8AA6E200BE5EC6 /* LHHEIHEIController.m */,
				C5A100F81E8AAED900BE5EC6 /* LHBaseController.h */,
				C5A100F91E8AAED900BE5EC6 /* LHBaseController.m */,
				C5A100CE1E8A9E8000BE5EC6 /* tableViewDemoTests */,
			);
			path = tableViewDemo;
			sourceTree = "<group>";
		};
		C5A100B51E8A9E8000BE5EC6 /* Supporting Files */ = {
			isa = PBXGroup;
			children = (
				C5A100B61E8A9E8000BE5EC6 /* main.m */,
			);
			name = "Supporting Files";
			sourceTree = "<group>";
		};
		C5A100CE1E8A9E8000BE5EC6 /* tableViewDemoTests */ = {
			isa = PBXGroup;
			children = (
				C5A100CF1E8A9E8000BE5EC6 /* tableViewDemoTests.m */,
				C5A100D11E8A9E8000BE5EC6 /* Info.plist */,
			);
			path = tableViewDemoTests;
			sourceTree = SOURCE_ROOT;
		};
		C5A100D91E8A9E8000BE5EC6 /* tableViewDemoUITests */ = {
			isa = PBXGroup;
			children = (
				C5A100DA1E8A9E8000BE5EC6 /* tableViewDemoUITests.m */,
				C5A100DC1E8A9E8000BE5EC6 /* Info.plist */,
			);
			path = tableViewDemoUITests;
			sourceTree = "<group>";
		};
		C5A100E81E8A9F5700BE5EC6 /* CustomView */ = {
			isa = PBXGroup;
			children = (
				C5A100E91E8A9F8400BE5EC6 /* LHTitlesView.h */,
				C5A100EA1E8A9F8400BE5EC6 /* LHTitlesView.m */,
				C5A100EC1E8AA46300BE5EC6 /* LHPageView.h */,
				C5A100ED1E8AA46300BE5EC6 /* LHPageView.m */,
			);
			path = CustomView;
			sourceTree = "<group>";
		};
/* End PBXGroup section */

/* Begin PBXNativeTarget section */
		C5A100B11E8A9E8000BE5EC6 /* tableViewDemo */ = {
			isa = PBXNativeTarget;
			buildConfigurationList = C5A100DF1E8A9E8000BE5EC6 /* Build configuration list for PBXNativeTarget "tableViewDemo" */;
			buildPhases = (
				C5A100AE1E8A9E8000BE5EC6 /* Sources */,
				C5A100AF1E8A9E8000BE5EC6 /* Frameworks */,
				C5A100B01E8A9E8000BE5EC6 /* Resources */,
			);
			buildRules = (
			);
			dependencies = (
			);
			name = tableViewDemo;
			productName = tableViewDemo;
			productReference = C5A100B21E8A9E8000BE5EC6 /* tableViewDemo.app */;
			productType = "com.apple.product-type.application";
		};
		C5A100CA1E8A9E8000BE5EC6 /* tableViewDemoTests */ = {
			isa = PBXNativeTarget;
			buildConfigurationList = C5A100E21E8A9E8000BE5EC6 /* Build configuration list for PBXNativeTarget "tableViewDemoTests" */;
			buildPhases = (
				C5A100C71E8A9E8000BE5EC6 /* Sources */,
				C5A100C81E8A9E8000BE5EC6 /* Frameworks */,
				C5A100C91E8A9E8000BE5EC6 /* Resources */,
			);
			buildRules = (
			);
			dependencies = (
				C5A100CD1E8A9E8000BE5EC6 /* PBXTargetDependency */,
			);
			name = tableViewDemoTests;
			productName = tableViewDemoTests;
			productReference = C5A100CB1E8A9E8000BE5EC6 /* tableViewDemoTests.xctest */;
			productType = "com.apple.product-type.bundle.unit-test";
		};
		C5A100D51E8A9E8000BE5EC6 /* tableViewDemoUITests */ = {
			isa = PBXNativeTarget;
			buildConfigurationList = C5A100E51E8A9E8000BE5EC6 /* Build configuration list for PBXNativeTarget "tableViewDemoUITests" */;
			buildPhases = (
				C5A100D21E8A9E8000BE5EC6 /* Sources */,
				C5A100D31E8A9E8000BE5EC6 /* Frameworks */,
				C5A100D41E8A9E8000BE5EC6 /* Resources */,
			);
			buildRules = (
			);
			dependencies = (
				C5A100D81E8A9E8000BE5EC6 /* PBXTargetDependency */,
			);
			name = tableViewDemoUITests;
			productName = tableViewDemoUITests;
			productReference = C5A100D61E8A9E8000BE5EC6 /* tableViewDemoUITests.xctest */;
			productType = "com.apple.product-type.bundle.ui-testing";
		};
/* End PBXNativeTarget section */

/* Begin PBXProject section */
		C5A100AA1E8A9E8000BE5EC6 /* Project object */ = {
			isa = PBXProject;
			attributes = {
				CLASSPREFIX = LH;
				LastUpgradeCheck = 0720;
				ORGANIZATIONNAME = liuhao;
				TargetAttributes = {
					C5A100B11E8A9E8000BE5EC6 = {
						CreatedOnToolsVersion = 7.2.1;
					};
					C5A100CA1E8A9E8000BE5EC6 = {
						CreatedOnToolsVersion = 7.2.1;
						TestTargetID = C5A100B11E8A9E8000BE5EC6;
					};
					C5A100D51E8A9E8000BE5EC6 = {
						CreatedOnToolsVersion = 7.2.1;
						TestTargetID = C5A100B11E8A9E8000BE5EC6;
					};
				};
			};
			buildConfigurationList = C5A100AD1E8A9E8000BE5EC6 /* Build configuration list for PBXProject "tableViewDemo" */;
			compatibilityVersion = "Xcode 3.2";
			developmentRegion = English;
			hasScannedForEncodings = 0;
			knownRegions = (
				en,
				Base,
			);
			mainGroup = C5A100A91E8A9E8000BE5EC6;
			productRefGroup = C5A100B31E8A9E8000BE5EC6 /* Products */;
			projectDirPath = "";
			projectRoot = "";
			targets = (
				C5A100B11E8A9E8000BE5EC6 /* tableViewDemo */,
				C5A100CA1E8A9E8000BE5EC6 /* tableViewDemoTests */,
				C5A100D51E8A9E8000BE5EC6 /* tableViewDemoUITests */,
			);
		};
/* End PBXProject section */

/* Begin PBXResourcesBuildPhase section */
		C5A100B01E8A9E8000BE5EC6 /* Resources */ = {
			isa = PBXResourcesBuildPhase;
			buildActionMask = 2147483647;
			files = (
				C5A100C51E8A9E8000BE5EC6 /* LaunchScreen.storyboard in Resources */,
				C5A100C21E8A9E8000BE5EC6 /* Assets.xcassets in Resources */,
				C5A100C01E8A9E8000BE5EC6 /* Main.storyboard in Resources */,
			);
			runOnlyForDeploymentPostprocessing = 0;
		};
		C5A100C91E8A9E8000BE5EC6 /* Resources */ = {
			isa = PBXResourcesBuildPhase;
			buildActionMask = 2147483647;
			files = (
			);
			runOnlyForDeploymentPostprocessing = 0;
		};
		C5A100D41E8A9E8000BE5EC6 /* Resources */ = {
			isa = PBXResourcesBuildPhase;
			buildActionMask = 2147483647;
			files = (
			);
			runOnlyForDeploymentPostprocessing = 0;
		};
/* End PBXResourcesBuildPhase section */

/* Begin PBXSourcesBuildPhase section */
		C5A100AE1E8A9E8000BE5EC6 /* Sources */ = {
			isa = PBXSourcesBuildPhase;
			buildActionMask = 2147483647;
			files = (
				C5A100F41E8AA6D400BE5EC6 /* LHHAHAController.m in Sources */,
				C5A100FA1E8AAED900BE5EC6 /* LHBaseController.m in Sources */,
				C5A100EE1E8AA46300BE5EC6 /* LHPageView.m in Sources */,
				C5A100BD1E8A9E8000BE5EC6 /* ViewController.m in Sources */,
				C5A100F71E8AA6E200BE5EC6 /* LHHEIHEIController.m in Sources */,
				C5A100EB1E8A9F8400BE5EC6 /* LHTitlesView.m in Sources */,
				C5A100F11E8AA6C200BE5EC6 /* LHHEHEController.m in Sources */,
				C5A100BA1E8A9E8000BE5EC6 /* AppDelegate.m in Sources */,
				C5A100B71E8A9E8000BE5EC6 /* main.m in Sources */,
			);
			runOnlyForDeploymentPostprocessing = 0;
		};
		C5A100C71E8A9E8000BE5EC6 /* Sources */ = {
			isa = PBXSourcesBuildPhase;
			buildActionMask = 2147483647;
			files = (
				C5A100D01E8A9E8000BE5EC6 /* tableViewDemoTests.m in Sources */,
			);
			runOnlyForDeploymentPostprocessing = 0;
		};
		C5A100D21E8A9E8000BE5EC6 /* Sources */ = {
			isa = PBXSourcesBuildPhase;
			buildActionMask = 2147483647;
			files = (
				C5A100DB1E8A9E8000BE5EC6 /* tableViewDemoUITests.m in Sources */,
			);
			runOnlyForDeploymentPostprocessing = 0;
		};
/* End PBXSourcesBuildPhase section */

/* Begin PBXTargetDependency section */
		C5A100CD1E8A9E8000BE5EC6 /* PBXTargetDependency */ = {
			isa = PBXTargetDependency;
			target = C5A100B11E8A9E8000BE5EC6 /* tableViewDemo */;
			targetProxy = C5A100CC1E8A9E8000BE5EC6 /* PBXContainerItemProxy */;
		};
		C5A100D81E8A9E8000BE5EC6 /* PBXTargetDependency */ = {
			isa = PBXTargetDependency;
			target = C5A100B11E8A9E8000BE5EC6 /* tableViewDemo */;
			targetProxy = C5A100D71E8A9E8000BE5EC6 /* PBXContainerItemProxy */;
		};
/* End PBXTargetDependency section */

/* Begin PBXVariantGroup section */
		C5A100BE1E8A9E8000BE5EC6 /* Main.storyboard */ = {
			isa = PBXVariantGroup;
			children = (
				C5A100BF1E8A9E8000BE5EC6 /* Base */,
			);
			name = Main.storyboard;
			sourceTree = "<group>";
		};
		C5A100C31E8A9E8000BE5EC6 /* LaunchScreen.storyboard */ = {
			isa = PBXVariantGroup;
			children = (
				C5A100C41E8A9E8000BE5EC6 /* Base */,
			);
			name = LaunchScreen.storyboard;
			sourceTree = "<group>";
		};
/* End PBXVariantGroup section */

/* Begin XCBuildConfiguration section */
		C5A100DD1E8A9E8000BE5EC6 /* Debug */ = {
			isa = XCBuildConfiguration;
			buildSettings = {
				ALWAYS_SEARCH_USER_PATHS = NO;
				CLANG_CXX_LANGUAGE_STANDARD = "gnu++0x";
				CLANG_CXX_LIBRARY = "libc++";
				CLANG_ENABLE_MODULES = YES;
				CLANG_ENABLE_OBJC_ARC = YES;
				CLANG_WARN_BOOL_CONVERSION = YES;
				CLANG_WARN_CONSTANT_CONVERSION = YES;
				CLANG_WARN_DIRECT_OBJC_ISA_USAGE = YES_ERROR;
				CLANG_WARN_EMPTY_BODY = YES;
				CLANG_WARN_ENUM_CONVERSION = YES;
				CLANG_WARN_INT_CONVERSION = YES;
				CLANG_WARN_OBJC_ROOT_CLASS = YES_ERROR;
				CLANG_WARN_UNREACHABLE_CODE = YES;
				CLANG_WARN__DUPLICATE_METHOD_MATCH = YES;
				"CODE_SIGN_IDENTITY[sdk=iphoneos*]" = "iPhone Developer";
				COPY_PHASE_STRIP = NO;
				DEBUG_INFORMATION_FORMAT = dwarf;
				ENABLE_STRICT_OBJC_MSGSEND = YES;
				ENABLE_TESTABILITY = YES;
				GCC_C_LANGUAGE_STANDARD = gnu99;
				GCC_DYNAMIC_NO_PIC = NO;
				GCC_NO_COMMON_BLOCKS = YES;
				GCC_OPTIMIZATION_LEVEL = 0;
				GCC_PREPROCESSOR_DEFINITIONS = (
					"DEBUG=1",
					"$(inherited)",
				);
				GCC_WARN_64_TO_32_BIT_CONVERSION = YES;
				GCC_WARN_ABOUT_RETURN_TYPE = YES_ERROR;
				GCC_WARN_UNDECLARED_SELECTOR = YES;
				GCC_WARN_UNINITIALIZED_AUTOS = YES_AGGRESSIVE;
				GCC_WARN_UNUSED_FUNCTION = YES;
				GCC_WARN_UNUSED_VARIABLE = YES;
				IPHONEOS_DEPLOYMENT_TARGET = 9.2;
				MTL_ENABLE_DEBUG_INFO = YES;
				ONLY_ACTIVE_ARCH = YES;
				SDKROOT = iphoneos;
				TARGETED_DEVICE_FAMILY = "1,2";
			};
			name = Debug;
		};
		C5A100DE1E8A9E8000BE5EC6 /* Release */ = {
			isa = XCBuildConfiguration;
			buildSettings = {
				ALWAYS_SEARCH_USER_PATHS = NO;
				CLANG_CXX_LANGUAGE_STANDARD = "gnu++0x";
				CLANG_CXX_LIBRARY = "libc++";
				CLANG_ENABLE_MODULES = YES;
				CLANG_ENABLE_OBJC_ARC = YES;
				CLANG_WARN_BOOL_CONVERSION = YES;
				CLANG_WARN_CONSTANT_CONVERSION = YES;
				CLANG_WARN_DIRECT_OBJC_ISA_USAGE = YES_ERROR;
				CLANG_WARN_EMPTY_BODY = YES;
				CLANG_WARN_ENUM_CONVERSION = YES;
				CLANG_WARN_INT_CONVERSION = YES;
				CLANG_WARN_OBJC_ROOT_CLASS = YES_ERROR;
				CLANG_WARN_UNREACHABLE_CODE = YES;
				CLANG_WARN__DUPLICATE_METHOD_MATCH = YES;
				"CODE_SIGN_IDENTITY[sdk=iphoneos*]" = "iPhone Developer";
				COPY_PHASE_STRIP = NO;
				DEBUG_INFORMATION_FORMAT = "dwarf-with-dsym";
				ENABLE_NS_ASSERTIONS = NO;
				ENABLE_STRICT_OBJC_MSGSEND = YES;
				GCC_C_LANGUAGE_STANDARD = gnu99;
				GCC_NO_COMMON_BLOCKS = YES;
				GCC_WARN_64_TO_32_BIT_CONVERSION = YES;
				GCC_WARN_ABOUT_RETURN_TYPE = YES_ERROR;
				GCC_WARN_UNDECLARED_SELECTOR = YES;
				GCC_WARN_UNINITIALIZED_AUTOS = YES_AGGRESSIVE;
				GCC_WARN_UNUSED_FUNCTION = YES;
				GCC_WARN_UNUSED_VARIABLE = YES;
				IPHONEOS_DEPLOYMENT_TARGET = 9.2;
				MTL_ENABLE_DEBUG_INFO = NO;
				SDKROOT = iphoneos;
				TARGETED_DEVICE_FAMILY = "1,2";
				VALIDATE_PRODUCT = YES;
			};
			name = Release;
		};
		C5A100E01E8A9E8000BE5EC6 /* Debug */ = {
			isa = XCBuildConfiguration;
			buildSettings = {
				ASSETCATALOG_COMPILER_APPICON_NAME = AppIcon;
				INFOPLIST_FILE = tableViewDemo/Info.plist;
				LD_RUNPATH_SEARCH_PATHS = "$(inherited) @executable_path/Frameworks";
				PRODUCT_BUNDLE_IDENTIFIER = com.liuhao.tableViewDemo;
				PRODUCT_NAME = "$(TARGET_NAME)";
			};
			name = Debug;
		};
		C5A100E11E8A9E8000BE5EC6 /* Release */ = {
			isa = XCBuildConfiguration;
			buildSettings = {
				ASSETCATALOG_COMPILER_APPICON_NAME = AppIcon;
				INFOPLIST_FILE = tableViewDemo/Info.plist;
				LD_RUNPATH_SEARCH_PATHS = "$(inherited) @executable_path/Frameworks";
				PRODUCT_BUNDLE_IDENTIFIER = com.liuhao.tableViewDemo;
				PRODUCT_NAME = "$(TARGET_NAME)";
			};
			name = Release;
		};
		C5A100E31E8A9E8000BE5EC6 /* Debug */ = {
			isa = XCBuildConfiguration;
			buildSettings = {
				BUNDLE_LOADER = "$(TEST_HOST)";
				INFOPLIST_FILE = tableViewDemoTests/Info.plist;
				LD_RUNPATH_SEARCH_PATHS = "$(inherited) @executable_path/Frameworks @loader_path/Frameworks";
				PRODUCT_BUNDLE_IDENTIFIER = com.liuhao.tableViewDemoTests;
				PRODUCT_NAME = "$(TARGET_NAME)";
				TEST_HOST = "$(BUILT_PRODUCTS_DIR)/tableViewDemo.app/tableViewDemo";
			};
			name = Debug;
		};
		C5A100E41E8A9E8000BE5EC6 /* Release */ = {
			isa = XCBuildConfiguration;
			buildSettings = {
				BUNDLE_LOADER = "$(TEST_HOST)";
				INFOPLIST_FILE = tableViewDemoTests/Info.plist;
				LD_RUNPATH_SEARCH_PATHS = "$(inherited) @executable_path/Frameworks @loader_path/Frameworks";
				PRODUCT_BUNDLE_IDENTIFIER = com.liuhao.tableViewDemoTests;
				PRODUCT_NAME = "$(TARGET_NAME)";
				TEST_HOST = "$(BUILT_PRODUCTS_DIR)/tableViewDemo.app/tableViewDemo";
			};
			name = Release;
		};
		C5A100E61E8A9E8000BE5EC6 /* Debug */ = {
			isa = XCBuildConfiguration;
			buildSettings = {
				INFOPLIST_FILE = tableViewDemoUITests/Info.plist;
				LD_RUNPATH_SEARCH_PATHS = "$(inherited) @executable_path/Frameworks @loader_path/Frameworks";
				PRODUCT_BUNDLE_IDENTIFIER = com.liuhao.tableViewDemoUITests;
				PRODUCT_NAME = "$(TARGET_NAME)";
				TEST_TARGET_NAME = tableViewDemo;
				USES_XCTRUNNER = YES;
			};
			name = Debug;
		};
		C5A100E71E8A9E8000BE5EC6 /* Release */ = {
			isa = XCBuildConfiguration;
			buildSettings = {
				INFOPLIST_FILE = tableViewDemoUITests/Info.plist;
				LD_RUNPATH_SEARCH_PATHS = "$(inherited) @executable_path/Frameworks @loader_path/Frameworks";
				PRODUCT_BUNDLE_IDENTIFIER = com.liuhao.tableViewDemoUITests;
				PRODUCT_NAME = "$(TARGET_NAME)";
				TEST_TARGET_NAME = tableViewDemo;
				USES_XCTRUNNER = YES;
			};
			name = Release;
		};
/* End XCBuildConfiguration section */

/* Begin XCConfigurationList section */
		C5A100AD1E8A9E8000BE5EC6 /* Build configuration list for PBXProject "tableViewDemo" */ = {
			isa = XCConfigurationList;
			buildConfigurations = (
				C5A100DD1E8A9E8000BE5EC6 /* Debug */,
				C5A100DE1E8A9E8000BE5EC6 /* Release */,
			);
			defaultConfigurationIsVisible = 0;
			defaultConfigurationName = Release;
		};
		C5A100DF1E8A9E8000BE5EC6 /* Build configuration list for PBXNativeTarget "tableViewDemo" */ = {
			isa = XCConfigurationList;
			buildConfigurations = (
				C5A100E01E8A9E8000BE5EC6 /* Debug */,
				C5A100E11E8A9E8000BE5EC6 /* Release */,
			);
			defaultConfigurationIsVisible = 0;
			defaultConfigurationName = Release;
		};
		C5A100E21E8A9E8000BE5EC6 /* Build configuration list for PBXNativeTarget "tableViewDemoTests" */ = {
			isa = XCConfigurationList;
			buildConfigurations = (
				C5A100E31E8A9E8000BE5EC6 /* Debug */,
				C5A100E41E8A9E8000BE5EC6 /* Release */,
			);
			defaultConfigurationIsVisible = 0;
			defaultConfigurationName = Release;
		};
		C5A100E51E8A9E8000BE5EC6 /* Build configuration list for PBXNativeTarget "tableViewDemoUITests" */ = {
			isa = XCConfigurationList;
			buildConfigurations = (
				C5A100E61E8A9E8000BE5EC6 /* Debug */,
				C5A100E71E8A9E8000BE5EC6 /* Release */,
			);
			defaultConfigurationIsVisible = 0;
			defaultConfigurationName = Release;
		};
/* End XCConfigurationList section */
	};
	rootObject = C5A100AA1E8A9E8000BE5EC6 /* Project object */;
}
